
Microsoft Visual Studio Solution File, Format Version 12.00
# Visual Studio 15
VisualStudioVersion = 15.0.26124.0
MinimumVisualStudioVersion = 15.0.26124.0
Project("{FAE04EC0-301F-11D3-BF4B-00C04F79EFBC}") = "TesteDesenvolvedor.Services", "TesteDesenvolvedor.Services\TesteDesenvolvedor.Services.csproj", "{BBF9E3AD-5DDF-4E84-ABDF-010E908F1193}"
EndProject
Project("{FAE04EC0-301F-11D3-BF4B-00C04F79EFBC}") = "TesteDesenvolvedor.Domain", "TesteDesenvolvedor.Domain\TesteDesenvolvedor.Domain.csproj", "{15C96F39-7673-4D4F-966B-45017BABD788}"
EndProject
Project("{FAE04EC0-301F-11D3-BF4B-00C04F79EFBC}") = "TesteDesenvolvedor.Repository", "TesteDesenvolvedor.Repository\TesteDesenvolvedor.Repository.csproj", "{3C5B8613-8957-4805-BD8A-420C670A2EAF}"
EndProject
Project("{FAE04EC0-301F-11D3-BF4B-00C04F79EFBC}") = "TesteDesenvolvedor.API", "TesteDesenvolvedor.API\TesteDesenvolvedor.API.csproj", "{C65E2B91-BD9B-434C-BD87-84F954A8AAD9}"
EndProject
Global
	GlobalSection(SolutionConfigurationPlatforms) = preSolution
		Debug|Any CPU = Debug|Any CPU
		Debug|x64 = Debug|x64
		Debug|x86 = Debug|x86
		Release|Any CPU = Release|Any CPU
		Release|x64 = Release|x64
		Release|x86 = Release|x86
	EndGlobalSection
	GlobalSection(SolutionProperties) = preSolution
		HideSolutionNode = FALSE
	EndGlobalSection
	GlobalSection(ProjectConfigurationPlatforms) = postSolution
		{BBF9E3AD-5DDF-4E84-ABDF-010E908F1193}.Debug|Any CPU.ActiveCfg = Debug|Any CPU
		{BBF9E3AD-5DDF-4E84-ABDF-010E908F1193}.Debug|Any CPU.Build.0 = Debug|Any CPU
		{BBF9E3AD-5DDF-4E84-ABDF-010E908F1193}.Debug|x64.ActiveCfg = Debug|Any CPU
		{BBF9E3AD-5DDF-4E84-ABDF-010E908F1193}.Debug|x64.Build.0 = Debug|Any CPU
		{BBF9E3AD-5DDF-4E84-ABDF-010E908F1193}.Debug|x86.ActiveCfg = Debug|Any CPU
		{BBF9E3AD-5DDF-4E84-ABDF-010E908F1193}.Debug|x86.Build.0 = Debug|Any CPU
		{BBF9E3AD-5DDF-4E84-ABDF-010E908F1193}.Release|Any CPU.ActiveCfg = Release|Any CPU
		{BBF9E3AD-5DDF-4E84-ABDF-010E908F1193}.Release|Any CPU.Build.0 = Release|Any CPU
		{BBF9E3AD-5DDF-4E84-ABDF-010E908F1193}.Release|x64.ActiveCfg = Release|Any CPU
		{BBF9E3AD-5DDF-4E84-ABDF-010E908F1193}.Release|x64.Build.0 = Release|Any CPU
		{BBF9E3AD-5DDF-4E84-ABDF-010E908F1193}.Release|x86.ActiveCfg = Release|Any CPU
		{BBF9E3AD-5DDF-4E84-ABDF-010E908F1193}.Release|x86.Build.0 = Release|Any CPU
		{15C96F39-7673-4D4F-966B-45017BABD788}.Debug|Any CPU.ActiveCfg = Debug|Any CPU
		{15C96F39-7673-4D4F-966B-45017BABD788}.Debug|Any CPU.Build.0 = Debug|Any CPU
		{15C96F39-7673-4D4F-966B-45017BABD788}.Debug|x64.ActiveCfg = Debug|Any CPU
		{15C96F39-7673-4D4F-966B-45017BABD788}.Debug|x64.Build.0 = Debug|Any CPU
		{15C96F39-7673-4D4F-966B-45017BABD788}.Debug|x86.ActiveCfg = Debug|Any CPU
		{15C96F39-7673-4D4F-966B-45017BABD788}.Debug|x86.Build.0 = Debug|Any CPU
		{15C96F39-7673-4D4F-966B-45017BABD788}.Release|Any CPU.ActiveCfg = Release|Any CPU
		{15C96F39-7673-4D4F-966B-45017BABD788}.Release|Any CPU.Build.0 = Release|Any CPU
		{15C96F39-7673-4D4F-966B-45017BABD788}.Release|x64.ActiveCfg = Release|Any CPU
		{15C96F39-7673-4D4F-966B-45017BABD788}.Release|x64.Build.0 = Release|Any CPU
		{15C96F39-7673-4D4F-966B-45017BABD788}.Release|x86.ActiveCfg = Release|Any CPU
		{15C96F39-7673-4D4F-966B-45017BABD788}.Release|x86.Build.0 = Release|Any CPU
		{3C5B8613-8957-4805-BD8A-420C670A2EAF}.Debug|Any CPU.ActiveCfg = Debug|Any CPU
		{3C5B8613-8957-4805-BD8A-420C670A2EAF}.Debug|Any CPU.Build.0 = Debug|Any CPU
		{3C5B8613-8957-4805-BD8A-420C670A2EAF}.Debug|x64.ActiveCfg = Debug|Any CPU
		{3C5B8613-8957-4805-BD8A-420C670A2EAF}.Debug|x64.Build.0 = Debug|Any CPU
		{3C5B8613-8957-4805-BD8A-420C670A2EAF}.Debug|x86.ActiveCfg = Debug|Any CPU
		{3C5B8613-8957-4805-BD8A-420C670A2EAF}.Debug|x86.Build.0 = Debug|Any CPU
		{3C5B8613-8957-4805-BD8A-420C670A2EAF}.Release|Any CPU.ActiveCfg = Release|Any CPU
		{3C5B8613-8957-4805-BD8A-420C670A2EAF}.Release|Any CPU.Build.0 = Release|Any CPU
		{3C5B8613-8957-4805-BD8A-420C670A2EAF}.Release|x64.ActiveCfg = Release|Any CPU
		{3C5B8613-8957-4805-BD8A-420C670A2EAF}.Release|x64.Build.0 = Release|Any CPU
		{3C5B8613-8957-4805-BD8A-420C670A2EAF}.Release|x86.ActiveCfg = Release|Any CPU
		{3C5B8613-8957-4805-BD8A-420C670A2EAF}.Release|x86.Build.0 = Release|Any CPU
		{C65E2B91-BD9B-434C-BD87-84F954A8AAD9}.Debug|Any CPU.ActiveCfg = Debug|Any CPU
		{C65E2B91-BD9B-434C-BD87-84F954A8AAD9}.Debug|Any CPU.Build.0 = Debug|Any CPU
		{C65E2B91-BD9B-434C-BD87-84F954A8AAD9}.Debug|x64.ActiveCfg = Debug|Any CPU
		{C65E2B91-BD9B-434C-BD87-84F954A8AAD9}.Debug|x64.Build.0 = Debug|Any CPU
		{C65E2B91-BD9B-434C-BD87-84F954A8AAD9}.Debug|x86.ActiveCfg = Debug|Any CPU
		{C65E2B91-BD9B-434C-BD87-84F954A8AAD9}.Debug|x86.Build.0 = Debug|Any CPU
		{C65E2B91-BD9B-434C-BD87-84F954A8AAD9}.Release|Any CPU.ActiveCfg = Release|Any CPU
		{C65E2B91-BD9B-434C-BD87-84F954A8AAD9}.Release|Any CPU.Build.0 = Release|Any CPU
		{C65E2B91-BD9B-434C-BD87-84F954A8AAD9}.Release|x64.ActiveCfg = Release|Any CPU
		{C65E2B91-BD9B-434C-BD87-84F954A8AAD9}.Release|x64.Build.0 = Release|Any CPU
		{C65E2B91-BD9B-434C-BD87-84F954A8AAD9}.Release|x86.ActiveCfg = Release|Any CPU
		{C65E2B91-BD9B-434C-BD87-84F954A8AAD9}.Release|x86.Build.0 = Release|Any CPU
	EndGlobalSection
EndGlobal
